
Microsoft Visual Studio Solution File, Format Version 12.00
# Visual Studio Version 17
VisualStudioVersion = 17.14.36203.30 d17.14
MinimumVisualStudioVersion = 10.0.40219.1
Project("{FAE04EC0-301F-11D3-BF4B-00C04F79EFBC}") = "UCM_Tools", "UCM_Tools.csproj", "{06150177-2D82-4619-86D3-51DD45FD147B}"
EndProject
Global
	GlobalSection(SolutionConfigurationPlatforms) = preSolution
		Debug|Any CPU = Debug|Any CPU
		Release|Any CPU = Release|Any CPU
	EndGlobalSection
	GlobalSection(ProjectConfigurationPlatforms) = postSolution
		{06150177-2D82-4619-86D3-51DD45FD147B}.Debug|Any CPU.ActiveCfg = Debug|Any CPU
		{06150177-2D82-4619-86D3-51DD45FD147B}.Debug|Any CPU.Build.0 = Debug|Any CPU
		{06150177-2D82-4619-86D3-51DD45FD147B}.Release|Any CPU.ActiveCfg = Release|Any CPU
		{06150177-2D82-4619-86D3-51DD45FD147B}.Release|Any CPU.Build.0 = Release|Any CPU
	EndGlobalSection
	GlobalSection(SolutionProperties) = preSolution
		HideSolutionNode = FALSE
	EndGlobalSection
	GlobalSection(ExtensibilityGlobals) = postSolution
		SolutionGuid = {D632097D-8704-4BEA-8FFA-631CE7EB019F}
	EndGlobalSection
EndGlobal
